// !$*UTF8*$!
{
	archiveVersion = 1;
	classes = {
	};
	objectVersion = 55;
	objects = {

/* Begin PBXBuildFile section */
		CF8848012738FF9500C077D5 /* StayHydratedApp.swift in Sources */ = {isa = PBXBuildFile; fileRef = CF8848002738FF9500C077D5 /* StayHydratedApp.swift */; };
		CF8848052738FF9600C077D5 /* Assets.xcassets in Resources */ = {isa = PBXBuildFile; fileRef = CF8848042738FF9600C077D5 /* Assets.xcassets */; };
		CF8848082738FF9600C077D5 /* Preview Assets.xcassets in Resources */ = {isa = PBXBuildFile; fileRef = CF8848072738FF9600C077D5 /* Preview Assets.xcassets */; };
		CF8848112738FFE200C077D5 /* Localizable.strings in Resources */ = {isa = PBXBuildFile; fileRef = CF8848132738FFE200C077D5 /* Localizable.strings */; };
		CF88481B2739005C00C077D5 /* String+Localized.swift in Sources */ = {isa = PBXBuildFile; fileRef = CF88481A2739005C00C077D5 /* String+Localized.swift */; };
		CF884823273900E500C077D5 /* HydrationHistoryDataRepository.swift in Sources */ = {isa = PBXBuildFile; fileRef = CF884822273900E500C077D5 /* HydrationHistoryDataRepository.swift */; };
		CF884825273900EB00C077D5 /* SettingsRepository.swift in Sources */ = {isa = PBXBuildFile; fileRef = CF884824273900EB00C077D5 /* SettingsRepository.swift */; };
		CF88482C2739010A00C077D5 /* Color+Custom.swift in Sources */ = {isa = PBXBuildFile; fileRef = CF8848282739010A00C077D5 /* Color+Custom.swift */; };
		CF88482D2739010A00C077D5 /* ProgressBar.swift in Sources */ = {isa = PBXBuildFile; fileRef = CF8848292739010A00C077D5 /* ProgressBar.swift */; };
		CF88482E2739010A00C077D5 /* ImagedButton.swift in Sources */ = {isa = PBXBuildFile; fileRef = CF88482A2739010A00C077D5 /* ImagedButton.swift */; };
		CF88482F2739010A00C077D5 /* StatefulPreviewWrapper.swift in Sources */ = {isa = PBXBuildFile; fileRef = CF88482B2739010A00C077D5 /* StatefulPreviewWrapper.swift */; };
		CF8848372739011100C077D5 /* ScreenInfo.swift in Sources */ = {isa = PBXBuildFile; fileRef = CF8848302739011100C077D5 /* ScreenInfo.swift */; };
		CF8848382739011100C077D5 /* HydrationValue+String.swift in Sources */ = {isa = PBXBuildFile; fileRef = CF8848312739011100C077D5 /* HydrationValue+String.swift */; };
		CF8848392739011100C077D5 /* ContentView.swift in Sources */ = {isa = PBXBuildFile; fileRef = CF8848322739011100C077D5 /* ContentView.swift */; };
		CF88483A2739011100C077D5 /* HydrationControlInfo.swift in Sources */ = {isa = PBXBuildFile; fileRef = CF8848332739011100C077D5 /* HydrationControlInfo.swift */; };
		CF88483B2739011100C077D5 /* MainViewModel.swift in Sources */ = {isa = PBXBuildFile; fileRef = CF8848342739011100C077D5 /* MainViewModel.swift */; };
		CF88483C2739011100C077D5 /* UnitType+String.swift in Sources */ = {isa = PBXBuildFile; fileRef = CF8848352739011100C077D5 /* UnitType+String.swift */; };
		CF88483D2739011100C077D5 /* UnitToggleInfo.swift in Sources */ = {isa = PBXBuildFile; fileRef = CF8848362739011100C077D5 /* UnitToggleInfo.swift */; };
		CF8848402739012A00C077D5 /* WaterUnit+Type.swift in Sources */ = {isa = PBXBuildFile; fileRef = CF88483E2739012A00C077D5 /* WaterUnit+Type.swift */; };
		CF8848412739012A00C077D5 /* HydrationInteractor.swift in Sources */ = {isa = PBXBuildFile; fileRef = CF88483F2739012A00C077D5 /* HydrationInteractor.swift */; };
		CF8848452739013100C077D5 /* HydrationControl.swift in Sources */ = {isa = PBXBuildFile; fileRef = CF8848422739013100C077D5 /* HydrationControl.swift */; };
		CF8848462739013100C077D5 /* HydrationLevelDescription.swift in Sources */ = {isa = PBXBuildFile; fileRef = CF8848432739013100C077D5 /* HydrationLevelDescription.swift */; };
		CF8848472739013100C077D5 /* HydrationValue.swift in Sources */ = {isa = PBXBuildFile; fileRef = CF8848442739013100C077D5 /* HydrationValue.swift */; };
		CF88484A2739013800C077D5 /* WaterUnits.swift in Sources */ = {isa = PBXBuildFile; fileRef = CF8848482739013800C077D5 /* WaterUnits.swift */; };
		CF88484B2739013800C077D5 /* UnitType.swift in Sources */ = {isa = PBXBuildFile; fileRef = CF8848492739013800C077D5 /* UnitType.swift */; };
		CFB9C83B273B047F00935617 /* HistoryHydrationRecord.swift in Sources */ = {isa = PBXBuildFile; fileRef = CFB9C83A273B047F00935617 /* HistoryHydrationRecord.swift */; };
		CFB9C83E273B05E400935617 /* HydrationRecordDataModel.xcdatamodeld in Sources */ = {isa = PBXBuildFile; fileRef = CFB9C83C273B05E400935617 /* HydrationRecordDataModel.xcdatamodeld */; };
		CFB9C840273B068900935617 /* HydrationRecordsManager.swift in Sources */ = {isa = PBXBuildFile; fileRef = CFB9C83F273B068900935617 /* HydrationRecordsManager.swift */; };
		CFB9C844273B12BE00935617 /* Date+Helper.swift in Sources */ = {isa = PBXBuildFile; fileRef = CFB9C843273B12BE00935617 /* Date+Helper.swift */; };
		CFB9C849273B25EF00935617 /* TodayView.swift in Sources */ = {isa = PBXBuildFile; fileRef = CFB9C848273B25EF00935617 /* TodayView.swift */; };
		CFB9C84B273B268B00935617 /* HistoricView.swift in Sources */ = {isa = PBXBuildFile; fileRef = CFB9C84A273B268B00935617 /* HistoricView.swift */; };
		CFB9C84E273B284200935617 /* SwiftUICharts in Frameworks */ = {isa = PBXBuildFile; productRef = CFB9C84D273B284200935617 /* SwiftUICharts */; };
/* End PBXBuildFile section */

/* Begin PBXFileReference section */
		CF8847FD2738FF9500C077D5 /* StayHydrated.app */ = {isa = PBXFileReference; explicitFileType = wrapper.application; includeInIndex = 0; path = StayHydrated.app; sourceTree = BUILT_PRODUCTS_DIR; };
		CF8848002738FF9500C077D5 /* StayHydratedApp.swift */ = {isa = PBXFileReference; lastKnownFileType = sourcecode.swift; path = StayHydratedApp.swift; sourceTree = "<group>"; };
		CF8848042738FF9600C077D5 /* Assets.xcassets */ = {isa = PBXFileReference; lastKnownFileType = folder.assetcatalog; path = Assets.xcassets; sourceTree = "<group>"; };
		CF8848072738FF9600C077D5 /* Preview Assets.xcassets */ = {isa = PBXFileReference; lastKnownFileType = folder.assetcatalog; path = "Preview Assets.xcassets"; sourceTree = "<group>"; };
		CF8848122738FFE200C077D5 /* en */ = {isa = PBXFileReference; lastKnownFileType = text.plist.strings; name = en; path = en.lproj/Localizable.strings; sourceTree = "<group>"; };
		CF88481A2739005C00C077D5 /* String+Localized.swift */ = {isa = PBXFileReference; lastKnownFileType = sourcecode.swift; path = "String+Localized.swift"; sourceTree = "<group>"; };
		CF884822273900E500C077D5 /* HydrationHistoryDataRepository.swift */ = {isa = PBXFileReference; fileEncoding = 4; lastKnownFileType = sourcecode.swift; path = HydrationHistoryDataRepository.swift; sourceTree = "<group>"; };
		CF884824273900EB00C077D5 /* SettingsRepository.swift */ = {isa = PBXFileReference; fileEncoding = 4; lastKnownFileType = sourcecode.swift; path = SettingsRepository.swift; sourceTree = "<group>"; };
		CF8848282739010A00C077D5 /* Color+Custom.swift */ = {isa = PBXFileReference; fileEncoding = 4; lastKnownFileType = sourcecode.swift; path = "Color+Custom.swift"; sourceTree = "<group>"; };
		CF8848292739010A00C077D5 /* ProgressBar.swift */ = {isa = PBXFileReference; fileEncoding = 4; lastKnownFileType = sourcecode.swift; path = ProgressBar.swift; sourceTree = "<group>"; };
		CF88482A2739010A00C077D5 /* ImagedButton.swift */ = {isa = PBXFileReference; fileEncoding = 4; lastKnownFileType = sourcecode.swift; path = ImagedButton.swift; sourceTree = "<group>"; };
		CF88482B2739010A00C077D5 /* StatefulPreviewWrapper.swift */ = {isa = PBXFileReference; fileEncoding = 4; lastKnownFileType = sourcecode.swift; path = StatefulPreviewWrapper.swift; sourceTree = "<group>"; };
		CF8848302739011100C077D5 /* ScreenInfo.swift */ = {isa = PBXFileReference; fileEncoding = 4; lastKnownFileType = sourcecode.swift; path = ScreenInfo.swift; sourceTree = "<group>"; };
		CF8848312739011100C077D5 /* HydrationValue+String.swift */ = {isa = PBXFileReference; fileEncoding = 4; lastKnownFileType = sourcecode.swift; path = "HydrationValue+String.swift"; sourceTree = "<group>"; };
		CF8848322739011100C077D5 /* ContentView.swift */ = {isa = PBXFileReference; fileEncoding = 4; lastKnownFileType = sourcecode.swift; path = ContentView.swift; sourceTree = "<group>"; };
		CF8848332739011100C077D5 /* HydrationControlInfo.swift */ = {isa = PBXFileReference; fileEncoding = 4; lastKnownFileType = sourcecode.swift; path = HydrationControlInfo.swift; sourceTree = "<group>"; };
		CF8848342739011100C077D5 /* MainViewModel.swift */ = {isa = PBXFileReference; fileEncoding = 4; lastKnownFileType = sourcecode.swift; path = MainViewModel.swift; sourceTree = "<group>"; };
		CF8848352739011100C077D5 /* UnitType+String.swift */ = {isa = PBXFileReference; fileEncoding = 4; lastKnownFileType = sourcecode.swift; path = "UnitType+String.swift"; sourceTree = "<group>"; };
		CF8848362739011100C077D5 /* UnitToggleInfo.swift */ = {isa = PBXFileReference; fileEncoding = 4; lastKnownFileType = sourcecode.swift; path = UnitToggleInfo.swift; sourceTree = "<group>"; };
		CF88483E2739012A00C077D5 /* WaterUnit+Type.swift */ = {isa = PBXFileReference; fileEncoding = 4; lastKnownFileType = sourcecode.swift; path = "WaterUnit+Type.swift"; sourceTree = "<group>"; };
		CF88483F2739012A00C077D5 /* HydrationInteractor.swift */ = {isa = PBXFileReference; fileEncoding = 4; lastKnownFileType = sourcecode.swift; path = HydrationInteractor.swift; sourceTree = "<group>"; };
		CF8848422739013100C077D5 /* HydrationControl.swift */ = {isa = PBXFileReference; fileEncoding = 4; lastKnownFileType = sourcecode.swift; path = HydrationControl.swift; sourceTree = "<group>"; };
		CF8848432739013100C077D5 /* HydrationLevelDescription.swift */ = {isa = PBXFileReference; fileEncoding = 4; lastKnownFileType = sourcecode.swift; path = HydrationLevelDescription.swift; sourceTree = "<group>"; };
		CF8848442739013100C077D5 /* HydrationValue.swift */ = {isa = PBXFileReference; fileEncoding = 4; lastKnownFileType = sourcecode.swift; path = HydrationValue.swift; sourceTree = "<group>"; };
		CF8848482739013800C077D5 /* WaterUnits.swift */ = {isa = PBXFileReference; fileEncoding = 4; lastKnownFileType = sourcecode.swift; path = WaterUnits.swift; sourceTree = "<group>"; };
		CF8848492739013800C077D5 /* UnitType.swift */ = {isa = PBXFileReference; fileEncoding = 4; lastKnownFileType = sourcecode.swift; path = UnitType.swift; sourceTree = "<group>"; };
		CFB9C83A273B047F00935617 /* HistoryHydrationRecord.swift */ = {isa = PBXFileReference; lastKnownFileType = sourcecode.swift; path = HistoryHydrationRecord.swift; sourceTree = "<group>"; };
		CFB9C83D273B05E400935617 /* HydrationRecordDataModel.xcdatamodel */ = {isa = PBXFileReference; lastKnownFileType = wrapper.xcdatamodel; path = HydrationRecordDataModel.xcdatamodel; sourceTree = "<group>"; };
		CFB9C83F273B068900935617 /* HydrationRecordsManager.swift */ = {isa = PBXFileReference; lastKnownFileType = sourcecode.swift; path = HydrationRecordsManager.swift; sourceTree = "<group>"; };
		CFB9C843273B12BE00935617 /* Date+Helper.swift */ = {isa = PBXFileReference; lastKnownFileType = sourcecode.swift; path = "Date+Helper.swift"; sourceTree = "<group>"; };
		CFB9C848273B25EF00935617 /* TodayView.swift */ = {isa = PBXFileReference; lastKnownFileType = sourcecode.swift; path = TodayView.swift; sourceTree = "<group>"; };
		CFB9C84A273B268B00935617 /* HistoricView.swift */ = {isa = PBXFileReference; lastKnownFileType = sourcecode.swift; path = HistoricView.swift; sourceTree = "<group>"; };
/* End PBXFileReference section */

/* Begin PBXFrameworksBuildPhase section */
		CF8847FA2738FF9500C077D5 /* Frameworks */ = {
			isa = PBXFrameworksBuildPhase;
			buildActionMask = 2147483647;
			files = (
				CFB9C84E273B284200935617 /* SwiftUICharts in Frameworks */,
			);
			runOnlyForDeploymentPostprocessing = 0;
		};
/* End PBXFrameworksBuildPhase section */

/* Begin PBXGroup section */
		CF8847F42738FF9500C077D5 = {
			isa = PBXGroup;
			children = (
				CF8847FF2738FF9500C077D5 /* StayHydrated */,
				CF8847FE2738FF9500C077D5 /* Products */,
			);
			sourceTree = "<group>";
		};
		CF8847FE2738FF9500C077D5 /* Products */ = {
			isa = PBXGroup;
			children = (
				CF8847FD2738FF9500C077D5 /* StayHydrated.app */,
			);
			name = Products;
			sourceTree = "<group>";
		};
		CF8847FF2738FF9500C077D5 /* StayHydrated */ = {
			isa = PBXGroup;
			children = (
				CF8848142739000B00C077D5 /* Src */,
				CF88480E2738FFCD00C077D5 /* Assets */,
				CF8848062738FF9600C077D5 /* Preview Content */,
			);
			path = StayHydrated;
			sourceTree = "<group>";
		};
		CF8848062738FF9600C077D5 /* Preview Content */ = {
			isa = PBXGroup;
			children = (
				CF8848072738FF9600C077D5 /* Preview Assets.xcassets */,
			);
			path = "Preview Content";
			sourceTree = "<group>";
		};
		CF88480E2738FFCD00C077D5 /* Assets */ = {
			isa = PBXGroup;
			children = (
				CF8848132738FFE200C077D5 /* Localizable.strings */,
				CF8848042738FF9600C077D5 /* Assets.xcassets */,
			);
			path = Assets;
			sourceTree = "<group>";
		};
		CF8848142739000B00C077D5 /* Src */ = {
			isa = PBXGroup;
			children = (
				CF884821273900C900C077D5 /* Presentation */,
				CF88481D2739008900C077D5 /* Interactors */,
				CF88481C2739008400C077D5 /* Data */,
				CF8848192739004D00C077D5 /* Utils */,
				CF8848002738FF9500C077D5 /* StayHydratedApp.swift */,
			);
			path = Src;
			sourceTree = "<group>";
		};
		CF8848192739004D00C077D5 /* Utils */ = {
			isa = PBXGroup;
			children = (
				CF88481A2739005C00C077D5 /* String+Localized.swift */,
				CFB9C843273B12BE00935617 /* Date+Helper.swift */,
			);
			path = Utils;
			sourceTree = "<group>";
		};
		CF88481C2739008400C077D5 /* Data */ = {
			isa = PBXGroup;
			children = (
				CFB9C838273B03C900935617 /* History */,
				CF884824273900EB00C077D5 /* SettingsRepository.swift */,
			);
			path = Data;
			sourceTree = "<group>";
		};
		CF88481D2739008900C077D5 /* Interactors */ = {
			isa = PBXGroup;
			children = (
				CF884820273900B900C077D5 /* Models */,
				CF88481F273900A700C077D5 /* Hydration */,
			);
			path = Interactors;
			sourceTree = "<group>";
		};
		CF88481F273900A700C077D5 /* Hydration */ = {
			isa = PBXGroup;
			children = (
				CF8848492739013800C077D5 /* UnitType.swift */,
				CF8848482739013800C077D5 /* WaterUnits.swift */,
				CF88483F2739012A00C077D5 /* HydrationInteractor.swift */,
				CF88483E2739012A00C077D5 /* WaterUnit+Type.swift */,
			);
			path = Hydration;
			sourceTree = "<group>";
		};
		CF884820273900B900C077D5 /* Models */ = {
			isa = PBXGroup;
			children = (
				CF8848422739013100C077D5 /* HydrationControl.swift */,
				CF8848432739013100C077D5 /* HydrationLevelDescription.swift */,
				CF8848442739013100C077D5 /* HydrationValue.swift */,
			);
			path = Models;
			sourceTree = "<group>";
		};
		CF884821273900C900C077D5 /* Presentation */ = {
			isa = PBXGroup;
			children = (
				CF8848272739010200C077D5 /* Main */,
				CF884826273900FC00C077D5 /* Components */,
			);
			path = Presentation;
			sourceTree = "<group>";
		};
		CF884826273900FC00C077D5 /* Components */ = {
			isa = PBXGroup;
			children = (
				CF8848282739010A00C077D5 /* Color+Custom.swift */,
				CF88482A2739010A00C077D5 /* ImagedButton.swift */,
				CF8848292739010A00C077D5 /* ProgressBar.swift */,
				CF88482B2739010A00C077D5 /* StatefulPreviewWrapper.swift */,
			);
			path = Components;
			sourceTree = "<group>";
		};
		CF8848272739010200C077D5 /* Main */ = {
			isa = PBXGroup;
			children = (
				CF8848322739011100C077D5 /* ContentView.swift */,
				CF8848332739011100C077D5 /* HydrationControlInfo.swift */,
				CF8848312739011100C077D5 /* HydrationValue+String.swift */,
				CF8848342739011100C077D5 /* MainViewModel.swift */,
				CF8848302739011100C077D5 /* ScreenInfo.swift */,
				CF8848362739011100C077D5 /* UnitToggleInfo.swift */,
				CF8848352739011100C077D5 /* UnitType+String.swift */,
				CFB9C848273B25EF00935617 /* TodayView.swift */,
				CFB9C84A273B268B00935617 /* HistoricView.swift */,
			);
			path = Main;
			sourceTree = "<group>";
		};
		CFB9C838273B03C900935617 /* History */ = {
			isa = PBXGroup;
			children = (
				CFB9C839273B03D400935617 /* CoreData */,
				CF884822273900E500C077D5 /* HydrationHistoryDataRepository.swift */,
				CFB9C83A273B047F00935617 /* HistoryHydrationRecord.swift */,
			);
			path = History;
			sourceTree = "<group>";
		};
		CFB9C839273B03D400935617 /* CoreData */ = {
			isa = PBXGroup;
			children = (
				CFB9C83C273B05E400935617 /* HydrationRecordDataModel.xcdatamodeld */,
				CFB9C83F273B068900935617 /* HydrationRecordsManager.swift */,
			);
			path = CoreData;
			sourceTree = "<group>";
		};
/* End PBXGroup section */

/* Begin PBXNativeTarget section */
		CF8847FC2738FF9500C077D5 /* StayHydrated */ = {
			isa = PBXNativeTarget;
			buildConfigurationList = CF88480B2738FF9600C077D5 /* Build configuration list for PBXNativeTarget "StayHydrated" */;
			buildPhases = (
				CF8847F92738FF9500C077D5 /* Sources */,
				CF8847FA2738FF9500C077D5 /* Frameworks */,
				CF8847FB2738FF9500C077D5 /* Resources */,
			);
			buildRules = (
			);
			dependencies = (
			);
			name = StayHydrated;
			packageProductDependencies = (
				CFB9C84D273B284200935617 /* SwiftUICharts */,
			);
			productName = StayHydrated;
			productReference = CF8847FD2738FF9500C077D5 /* StayHydrated.app */;
			productType = "com.apple.product-type.application";
		};
/* End PBXNativeTarget section */

/* Begin PBXProject section */
		CF8847F52738FF9500C077D5 /* Project object */ = {
			isa = PBXProject;
			attributes = {
				BuildIndependentTargetsInParallel = 1;
				LastSwiftUpdateCheck = 1310;
				LastUpgradeCheck = 1310;
				TargetAttributes = {
					CF8847FC2738FF9500C077D5 = {
						CreatedOnToolsVersion = 13.1;
					};
				};
			};
			buildConfigurationList = CF8847F82738FF9500C077D5 /* Build configuration list for PBXProject "StayHydrated" */;
			compatibilityVersion = "Xcode 13.0";
			developmentRegion = en;
			hasScannedForEncodings = 0;
			knownRegions = (
				en,
				Base,
			);
			mainGroup = CF8847F42738FF9500C077D5;
			packageReferences = (
				CFB9C84C273B284200935617 /* XCRemoteSwiftPackageReference "ChartView" */,
			);
			productRefGroup = CF8847FE2738FF9500C077D5 /* Products */;
			projectDirPath = "";
			projectRoot = "";
			targets = (
				CF8847FC2738FF9500C077D5 /* StayHydrated */,
			);
		};
/* End PBXProject section */

/* Begin PBXResourcesBuildPhase section */
		CF8847FB2738FF9500C077D5 /* Resources */ = {
			isa = PBXResourcesBuildPhase;
			buildActionMask = 2147483647;
			files = (
				CF8848082738FF9600C077D5 /* Preview Assets.xcassets in Resources */,
				CF8848112738FFE200C077D5 /* Localizable.strings in Resources */,
				CF8848052738FF9600C077D5 /* Assets.xcassets in Resources */,
			);
			runOnlyForDeploymentPostprocessing = 0;
		};
/* End PBXResourcesBuildPhase section */

/* Begin PBXSourcesBuildPhase section */
		CF8847F92738FF9500C077D5 /* Sources */ = {
			isa = PBXSourcesBuildPhase;
			buildActionMask = 2147483647;
			files = (
				CF88482E2739010A00C077D5 /* ImagedButton.swift in Sources */,
				CFB9C840273B068900935617 /* HydrationRecordsManager.swift in Sources */,
				CFB9C83E273B05E400935617 /* HydrationRecordDataModel.xcdatamodeld in Sources */,
				CF88483C2739011100C077D5 /* UnitType+String.swift in Sources */,
				CF88482F2739010A00C077D5 /* StatefulPreviewWrapper.swift in Sources */,
				CFB9C84B273B268B00935617 /* HistoricView.swift in Sources */,
				CF8848392739011100C077D5 /* ContentView.swift in Sources */,
				CF8848452739013100C077D5 /* HydrationControl.swift in Sources */,
				CF88482C2739010A00C077D5 /* Color+Custom.swift in Sources */,
				CF8848472739013100C077D5 /* HydrationValue.swift in Sources */,
				CF8848412739012A00C077D5 /* HydrationInteractor.swift in Sources */,
				CF88481B2739005C00C077D5 /* String+Localized.swift in Sources */,
				CF884823273900E500C077D5 /* HydrationHistoryDataRepository.swift in Sources */,
				CF88484A2739013800C077D5 /* WaterUnits.swift in Sources */,
				CF8848372739011100C077D5 /* ScreenInfo.swift in Sources */,
				CF88483B2739011100C077D5 /* MainViewModel.swift in Sources */,
				CF8848462739013100C077D5 /* HydrationLevelDescription.swift in Sources */,
				CFB9C849273B25EF00935617 /* TodayView.swift in Sources */,
				CF884825273900EB00C077D5 /* SettingsRepository.swift in Sources */,
				CF8848382739011100C077D5 /* HydrationValue+String.swift in Sources */,
				CFB9C844273B12BE00935617 /* Date+Helper.swift in Sources */,
				CF88483A2739011100C077D5 /* HydrationControlInfo.swift in Sources */,
				CF88483D2739011100C077D5 /* UnitToggleInfo.swift in Sources */,
				CF8848012738FF9500C077D5 /* StayHydratedApp.swift in Sources */,
				CFB9C83B273B047F00935617 /* HistoryHydrationRecord.swift in Sources */,
				CF88484B2739013800C077D5 /* UnitType.swift in Sources */,
				CF88482D2739010A00C077D5 /* ProgressBar.swift in Sources */,
				CF8848402739012A00C077D5 /* WaterUnit+Type.swift in Sources */,
			);
			runOnlyForDeploymentPostprocessing = 0;
		};
/* End PBXSourcesBuildPhase section */

/* Begin PBXVariantGroup section */
		CF8848132738FFE200C077D5 /* Localizable.strings */ = {
			isa = PBXVariantGroup;
			children = (
				CF8848122738FFE200C077D5 /* en */,
			);
			name = Localizable.strings;
			sourceTree = "<group>";
		};
/* End PBXVariantGroup section */

/* Begin XCBuildConfiguration section */
		CF8848092738FF9600C077D5 /* Debug */ = {
			isa = XCBuildConfiguration;
			buildSettings = {
				ALWAYS_SEARCH_USER_PATHS = NO;
				CLANG_ANALYZER_NONNULL = YES;
				CLANG_ANALYZER_NUMBER_OBJECT_CONVERSION = YES_AGGRESSIVE;
				CLANG_CXX_LANGUAGE_STANDARD = "gnu++17";
				CLANG_CXX_LIBRARY = "libc++";
				CLANG_ENABLE_MODULES = YES;
				CLANG_ENABLE_OBJC_ARC = YES;
				CLANG_ENABLE_OBJC_WEAK = YES;
				CLANG_WARN_BLOCK_CAPTURE_AUTORELEASING = YES;
				CLANG_WARN_BOOL_CONVERSION = YES;
				CLANG_WARN_COMMA = YES;
				CLANG_WARN_CONSTANT_CONVERSION = YES;
				CLANG_WARN_DEPRECATED_OBJC_IMPLEMENTATIONS = YES;
				CLANG_WARN_DIRECT_OBJC_ISA_USAGE = YES_ERROR;
				CLANG_WARN_DOCUMENTATION_COMMENTS = YES;
				CLANG_WARN_EMPTY_BODY = YES;
				CLANG_WARN_ENUM_CONVERSION = YES;
				CLANG_WARN_INFINITE_RECURSION = YES;
				CLANG_WARN_INT_CONVERSION = YES;
				CLANG_WARN_NON_LITERAL_NULL_CONVERSION = YES;
				CLANG_WARN_OBJC_IMPLICIT_RETAIN_SELF = YES;
				CLANG_WARN_OBJC_LITERAL_CONVERSION = YES;
				CLANG_WARN_OBJC_ROOT_CLASS = YES_ERROR;
				CLANG_WARN_QUOTED_INCLUDE_IN_FRAMEWORK_HEADER = YES;
				CLANG_WARN_RANGE_LOOP_ANALYSIS = YES;
				CLANG_WARN_STRICT_PROTOTYPES = YES;
				CLANG_WARN_SUSPICIOUS_MOVE = YES;
				CLANG_WARN_UNGUARDED_AVAILABILITY = YES_AGGRESSIVE;
				CLANG_WARN_UNREACHABLE_CODE = YES;
				CLANG_WARN__DUPLICATE_METHOD_MATCH = YES;
				COPY_PHASE_STRIP = NO;
				DEBUG_INFORMATION_FORMAT = dwarf;
				ENABLE_STRICT_OBJC_MSGSEND = YES;
				ENABLE_TESTABILITY = YES;
				GCC_C_LANGUAGE_STANDARD = gnu11;
				GCC_DYNAMIC_NO_PIC = NO;
				GCC_NO_COMMON_BLOCKS = YES;
				GCC_OPTIMIZATION_LEVEL = 0;
				GCC_PREPROCESSOR_DEFINITIONS = (
					"DEBUG=1",
					"$(inherited)",
				);
				GCC_WARN_64_TO_32_BIT_CONVERSION = YES;
				GCC_WARN_ABOUT_RETURN_TYPE = YES_ERROR;
				GCC_WARN_UNDECLARED_SELECTOR = YES;
				GCC_WARN_UNINITIALIZED_AUTOS = YES_AGGRESSIVE;
				GCC_WARN_UNUSED_FUNCTION = YES;
				GCC_WARN_UNUSED_VARIABLE = YES;
				IPHONEOS_DEPLOYMENT_TARGET = 15.0;
				MTL_ENABLE_DEBUG_INFO = INCLUDE_SOURCE;
				MTL_FAST_MATH = YES;
				ONLY_ACTIVE_ARCH = YES;
				SDKROOT = iphoneos;
				SWIFT_ACTIVE_COMPILATION_CONDITIONS = DEBUG;
				SWIFT_OPTIMIZATION_LEVEL = "-Onone";
			};
			name = Debug;
		};
		CF88480A2738FF9600C077D5 /* Release */ = {
			isa = XCBuildConfiguration;
			buildSettings = {
				ALWAYS_SEARCH_USER_PATHS = NO;
				CLANG_ANALYZER_NONNULL = YES;
				CLANG_ANALYZER_NUMBER_OBJECT_CONVERSION = YES_AGGRESSIVE;
				CLANG_CXX_LANGUAGE_STANDARD = "gnu++17";
				CLANG_CXX_LIBRARY = "libc++";
				CLANG_ENABLE_MODULES = YES;
				CLANG_ENABLE_OBJC_ARC = YES;
				CLANG_ENABLE_OBJC_WEAK = YES;
				CLANG_WARN_BLOCK_CAPTURE_AUTORELEASING = YES;
				CLANG_WARN_BOOL_CONVERSION = YES;
				CLANG_WARN_COMMA = YES;
				CLANG_WARN_CONSTANT_CONVERSION = YES;
				CLANG_WARN_DEPRECATED_OBJC_IMPLEMENTATIONS = YES;
				CLANG_WARN_DIRECT_OBJC_ISA_USAGE = YES_ERROR;
				CLANG_WARN_DOCUMENTATION_COMMENTS = YES;
				CLANG_WARN_EMPTY_BODY = YES;
				CLANG_WARN_ENUM_CONVERSION = YES;
				CLANG_WARN_INFINITE_RECURSION = YES;
				CLANG_WARN_INT_CONVERSION = YES;
				CLANG_WARN_NON_LITERAL_NULL_CONVERSION = YES;
				CLANG_WARN_OBJC_IMPLICIT_RETAIN_SELF = YES;
				CLANG_WARN_OBJC_LITERAL_CONVERSION = YES;
				CLANG_WARN_OBJC_ROOT_CLASS = YES_ERROR;
				CLANG_WARN_QUOTED_INCLUDE_IN_FRAMEWORK_HEADER = YES;
				CLANG_WARN_RANGE_LOOP_ANALYSIS = YES;
				CLANG_WARN_STRICT_PROTOTYPES = YES;
				CLANG_WARN_SUSPICIOUS_MOVE = YES;
				CLANG_WARN_UNGUARDED_AVAILABILITY = YES_AGGRESSIVE;
				CLANG_WARN_UNREACHABLE_CODE = YES;
				CLANG_WARN__DUPLICATE_METHOD_MATCH = YES;
				COPY_PHASE_STRIP = NO;
				DEBUG_INFORMATION_FORMAT = "dwarf-with-dsym";
				ENABLE_NS_ASSERTIONS = NO;
				ENABLE_STRICT_OBJC_MSGSEND = YES;
				GCC_C_LANGUAGE_STANDARD = gnu11;
				GCC_NO_COMMON_BLOCKS = YES;
				GCC_WARN_64_TO_32_BIT_CONVERSION = YES;
				GCC_WARN_ABOUT_RETURN_TYPE = YES_ERROR;
				GCC_WARN_UNDECLARED_SELECTOR = YES;
				GCC_WARN_UNINITIALIZED_AUTOS = YES_AGGRESSIVE;
				GCC_WARN_UNUSED_FUNCTION = YES;
				GCC_WARN_UNUSED_VARIABLE = YES;
				IPHONEOS_DEPLOYMENT_TARGET = 15.0;
				MTL_ENABLE_DEBUG_INFO = NO;
				MTL_FAST_MATH = YES;
				SDKROOT = iphoneos;
				SWIFT_COMPILATION_MODE = wholemodule;
				SWIFT_OPTIMIZATION_LEVEL = "-O";
				VALIDATE_PRODUCT = YES;
			};
			name = Release;
		};
		CF88480C2738FF9600C077D5 /* Debug */ = {
			isa = XCBuildConfiguration;
			buildSettings = {
				ASSETCATALOG_COMPILER_APPICON_NAME = AppIcon;
				ASSETCATALOG_COMPILER_GLOBAL_ACCENT_COLOR_NAME = AccentColor;
				CODE_SIGN_STYLE = Automatic;
				CURRENT_PROJECT_VERSION = 1;
				DEVELOPMENT_ASSET_PATHS = "\"StayHydrated/Preview Content\"";
				DEVELOPMENT_TEAM = 275D4J3Y5L;
				ENABLE_PREVIEWS = YES;
				GENERATE_INFOPLIST_FILE = YES;
				INFOPLIST_KEY_UIApplicationSceneManifest_Generation = YES;
				INFOPLIST_KEY_UIApplicationSupportsIndirectInputEvents = YES;
				INFOPLIST_KEY_UILaunchScreen_Generation = YES;
				INFOPLIST_KEY_UISupportedInterfaceOrientations_iPad = "UIInterfaceOrientationPortrait UIInterfaceOrientationPortraitUpsideDown UIInterfaceOrientationLandscapeLeft UIInterfaceOrientationLandscapeRight";
				INFOPLIST_KEY_UISupportedInterfaceOrientations_iPhone = "UIInterfaceOrientationPortrait UIInterfaceOrientationLandscapeLeft UIInterfaceOrientationLandscapeRight";
				LD_RUNPATH_SEARCH_PATHS = (
					"$(inherited)",
					"@executable_path/Frameworks",
				);
				MARKETING_VERSION = 1.0;
				PRODUCT_BUNDLE_IDENTIFIER = st235.com.github.StayHydrated;
				PRODUCT_NAME = "$(TARGET_NAME)";
				SWIFT_EMIT_LOC_STRINGS = YES;
				SWIFT_VERSION = 5.0;
				TARGETED_DEVICE_FAMILY = "1,2";
			};
			name = Debug;
		};
		CF88480D2738FF9600C077D5 /* Release */ = {
			isa = XCBuildConfiguration;
			buildSettings = {
				ASSETCATALOG_COMPILER_APPICON_NAME = AppIcon;
				ASSETCATALOG_COMPILER_GLOBAL_ACCENT_COLOR_NAME = AccentColor;
				CODE_SIGN_STYLE = Automatic;
				CURRENT_PROJECT_VERSION = 1;
				DEVELOPMENT_ASSET_PATHS = "\"StayHydrated/Preview Content\"";
				DEVELOPMENT_TEAM = 275D4J3Y5L;
				ENABLE_PREVIEWS = YES;
				GENERATE_INFOPLIST_FILE = YES;
				INFOPLIST_KEY_UIApplicationSceneManifest_Generation = YES;
				INFOPLIST_KEY_UIApplicationSupportsIndirectInputEvents = YES;
				INFOPLIST_KEY_UILaunchScreen_Generation = YES;
				INFOPLIST_KEY_UISupportedInterfaceOrientations_iPad = "UIInterfaceOrientationPortrait UIInterfaceOrientationPortraitUpsideDown UIInterfaceOrientationLandscapeLeft UIInterfaceOrientationLandscapeRight";
				INFOPLIST_KEY_UISupportedInterfaceOrientations_iPhone = "UIInterfaceOrientationPortrait UIInterfaceOrientationLandscapeLeft UIInterfaceOrientationLandscapeRight";
				LD_RUNPATH_SEARCH_PATHS = (
					"$(inherited)",
					"@executable_path/Frameworks",
				);
				MARKETING_VERSION = 1.0;
				PRODUCT_BUNDLE_IDENTIFIER = st235.com.github.StayHydrated;
				PRODUCT_NAME = "$(TARGET_NAME)";
				SWIFT_EMIT_LOC_STRINGS = YES;
				SWIFT_VERSION = 5.0;
				TARGETED_DEVICE_FAMILY = "1,2";
			};
			name = Release;
		};
/* End XCBuildConfiguration section */

/* Begin XCConfigurationList section */
		CF8847F82738FF9500C077D5 /* Build configuration list for PBXProject "StayHydrated" */ = {
			isa = XCConfigurationList;
			buildConfigurations = (
				CF8848092738FF9600C077D5 /* Debug */,
				CF88480A2738FF9600C077D5 /* Release */,
			);
			defaultConfigurationIsVisible = 0;
			defaultConfigurationName = Release;
		};
		CF88480B2738FF9600C077D5 /* Build configuration list for PBXNativeTarget "StayHydrated" */ = {
			isa = XCConfigurationList;
			buildConfigurations = (
				CF88480C2738FF9600C077D5 /* Debug */,
				CF88480D2738FF9600C077D5 /* Release */,
			);
			defaultConfigurationIsVisible = 0;
			defaultConfigurationName = Release;
		};
/* End XCConfigurationList section */

/* Begin XCRemoteSwiftPackageReference section */
		CFB9C84C273B284200935617 /* XCRemoteSwiftPackageReference "ChartView" */ = {
			isa = XCRemoteSwiftPackageReference;
			repositoryURL = "https://github.com/AppPear/ChartView";
			requirement = {
				kind = exactVersion;
				version = 1.5.5;
			};
		};
/* End XCRemoteSwiftPackageReference section */

/* Begin XCSwiftPackageProductDependency section */
		CFB9C84D273B284200935617 /* SwiftUICharts */ = {
			isa = XCSwiftPackageProductDependency;
			package = CFB9C84C273B284200935617 /* XCRemoteSwiftPackageReference "ChartView" */;
			productName = SwiftUICharts;
		};
/* End XCSwiftPackageProductDependency section */

/* Begin XCVersionGroup section */
		CFB9C83C273B05E400935617 /* HydrationRecordDataModel.xcdatamodeld */ = {
			isa = XCVersionGroup;
			children = (
				CFB9C83D273B05E400935617 /* HydrationRecordDataModel.xcdatamodel */,
			);
			currentVersion = CFB9C83D273B05E400935617 /* HydrationRecordDataModel.xcdatamodel */;
			path = HydrationRecordDataModel.xcdatamodeld;
			sourceTree = "<group>";
			versionGroupType = wrapper.xcdatamodel;
		};
/* End XCVersionGroup section */
	};
	rootObject = CF8847F52738FF9500C077D5 /* Project object */;
}
